
Microsoft Visual Studio Solution File, Format Version 12.00
# Visual Studio Version 17
VisualStudioVersion = 17.14.36414.22 d17.14
MinimumVisualStudioVersion = 10.0.40219.1
Project("{FAE04EC0-301F-11D3-BF4B-00C04F79EFBC}") = "HK_RedHope", "HK_RedHope\HK_RedHope.csproj", "{13DAE7C6-0A3D-47FF-99D7-48AE82234BE7}"
EndProject
Global
	GlobalSection(SolutionConfigurationPlatforms) = preSolution
		Debug|Any CPU = Debug|Any CPU
		Release|Any CPU = Release|Any CPU
	EndGlobalSection
	GlobalSection(ProjectConfigurationPlatforms) = postSolution
		{13DAE7C6-0A3D-47FF-99D7-48AE82234BE7}.Debug|Any CPU.ActiveCfg = Debug|Any CPU
		{13DAE7C6-0A3D-47FF-99D7-48AE82234BE7}.Debug|Any CPU.Build.0 = Debug|Any CPU
		{13DAE7C6-0A3D-47FF-99D7-48AE82234BE7}.Release|Any CPU.ActiveCfg = Release|Any CPU
		{13DAE7C6-0A3D-47FF-99D7-48AE82234BE7}.Release|Any CPU.Build.0 = Release|Any CPU
	EndGlobalSection
	GlobalSection(SolutionProperties) = preSolution
		HideSolutionNode = FALSE
	EndGlobalSection
	GlobalSection(ExtensibilityGlobals) = postSolution
		SolutionGuid = {A2293937-B0F7-472D-ADBD-50508FFAC002}
	EndGlobalSection
EndGlobal
